# THIS IS AN AUTOGENERATED FILE. DO NOT EDIT THIS FILE DIRECTLY.
# yarn lockfile v1


"@types/jquery@^3.5.1":
  version "3.5.1"
  resolved "https://registry.npm.taobao.org/@types/jquery/download/@types/jquery-3.5.1.tgz#cebb057acf5071c40e439f30e840c57a30d406c3"
  integrity sha1-zrsFes9QccQOQ58w6EDFejDUBsM=
  dependencies:
    "@types/sizzle" "*"

"@types/prop-types@*":
  version "15.7.3"
  resolved "https://registry.npm.taobao.org/@types/prop-types/download/@types/prop-types-15.7.3.tgz#2ab0d5da2e5815f94b0b9d4b95d1e5f243ab2ca7"
  integrity sha1-KrDV2i5YFflLC51LldHl8kOrLKc=

"@types/react@^16.9.46":
  version "16.9.46"
  resolved "https://registry.npm.taobao.org/@types/react/download/@types/react-16.9.46.tgz?cache=0&sync_timestamp=1597068067078&other_urls=https%3A%2F%2Fregistry.npm.taobao.org%2F%40types%2Freact%2Fdownload%2F%40types%2Freact-16.9.46.tgz#f0326cd7adceda74148baa9bff6e918632f5069e"
  integrity sha1-8DJs163O2nQUi6qb/26RhjL1Bp4=
  dependencies:
    "@types/prop-types" "*"
    csstype "^3.0.2"

"@types/sizzle@*":
  version "2.3.2"
  resolved "https://registry.npm.taobao.org/@types/sizzle/download/@types/sizzle-2.3.2.tgz#a811b8c18e2babab7d542b3365887ae2e4d9de47"
  integrity sha1-qBG4wY4rq6t9VCszZYh64uTZ3kc=

csstype@^3.0.2:
  version "3.0.2"
  resolved "https://registry.npm.taobao.org/csstype/download/csstype-3.0.2.tgz?cache=0&sync_timestamp=1596101681368&other_urls=https%3A%2F%2Fregistry.npm.taobao.org%2Fcsstype%2Fdownload%2Fcsstype-3.0.2.tgz#ee5ff8f208c8cd613b389f7b222c9801ca62b3f7"
  integrity sha1-7l/48gjIzWE7OJ97IiyYAcpis/c=
