# THIS IS AN AUTOGENERATED FILE. DO NOT EDIT THIS FILE DIRECTLY.
# yarn lockfile v1


"@types/jquery@^3.5.1":
  version "3.5.1"
  resolved "https://registry.npm.taobao.org/@types/jquery/download/@types/jquery-3.5.1.tgz#cebb057acf5071c40e439f30e840c57a30d406c3"
  integrity sha1-zrsFes9QccQOQ58w6EDFejDUBsM=
  dependencies:
    "@types/sizzle" "*"

"@types/sizzle@*":
  version "2.3.2"
  resolved "https://registry.npm.taobao.org/@types/sizzle/download/@types/sizzle-2.3.2.tgz#a811b8c18e2babab7d542b3365887ae2e4d9de47"
  integrity sha1-qBG4wY4rq6t9VCszZYh64uTZ3kc=
